// !$*UTF8*$!
{
	archiveVersion = 1;
	classes = {
	};
	objectVersion = 56;
	objects = {

/* Begin PBXBuildFile section */
		C45E5B8B2AC5BCAE007131EC /* AppDelegate.swift in Sources */ = {isa = PBXBuildFile; fileRef = C45E5B8A2AC5BCAE007131EC /* AppDelegate.swift */; };
		C45E5B8D2AC5BCAE007131EC /* SceneDelegate.swift in Sources */ = {isa = PBXBuildFile; fileRef = C45E5B8C2AC5BCAE007131EC /* SceneDelegate.swift */; };
		C45E5B8F2AC5BCAE007131EC /* ViewController.swift in Sources */ = {isa = PBXBuildFile; fileRef = C45E5B8E2AC5BCAE007131EC /* ViewController.swift */; };
		C45E5B922AC5BCAE007131EC /* Main.storyboard in Resources */ = {isa = PBXBuildFile; fileRef = C45E5B902AC5BCAE007131EC /* Main.storyboard */; };
		C45E5B942AC5BCB0007131EC /* Assets.xcassets in Resources */ = {isa = PBXBuildFile; fileRef = C45E5B932AC5BCB0007131EC /* Assets.xcassets */; };
		C45E5B972AC5BCB0007131EC /* LaunchScreen.storyboard in Resources */ = {isa = PBXBuildFile; fileRef = C45E5B952AC5BCB0007131EC /* LaunchScreen.storyboard */; };
		C45E5BA22AC5BCB0007131EC /* Lab3_UI_TextTests.swift in Sources */ = {isa = PBXBuildFile; fileRef = C45E5BA12AC5BCB0007131EC /* Lab3_UI_TextTests.swift */; };
		C45E5BAC2AC5BCB0007131EC /* Lab3_UI_TextUITests.swift in Sources */ = {isa = PBXBuildFile; fileRef = C45E5BAB2AC5BCB0007131EC /* Lab3_UI_TextUITests.swift */; };
		C45E5BAE2AC5BCB0007131EC /* Lab3_UI_TextUITestsLaunchTests.swift in Sources */ = {isa = PBXBuildFile; fileRef = C45E5BAD2AC5BCB0007131EC /* Lab3_UI_TextUITestsLaunchTests.swift */; };
/* End PBXBuildFile section */

/* Begin PBXContainerItemProxy section */
		C45E5B9E2AC5BCB0007131EC /* PBXContainerItemProxy */ = {
			isa = PBXContainerItemProxy;
			containerPortal = C45E5B7F2AC5BCAE007131EC /* Project object */;
			proxyType = 1;
			remoteGlobalIDString = C45E5B862AC5BCAE007131EC;
			remoteInfo = "Lab3-UI-Text";
		};
		C45E5BA82AC5BCB0007131EC /* PBXContainerItemProxy */ = {
			isa = PBXContainerItemProxy;
			containerPortal = C45E5B7F2AC5BCAE007131EC /* Project object */;
			proxyType = 1;
			remoteGlobalIDString = C45E5B862AC5BCAE007131EC;
			remoteInfo = "Lab3-UI-Text";
		};
/* End PBXContainerItemProxy section */

/* Begin PBXFileReference section */
		C45E5B872AC5BCAE007131EC /* Lab3-UI-Text.app */ = {isa = PBXFileReference; explicitFileType = wrapper.application; includeInIndex = 0; path = "Lab3-UI-Text.app"; sourceTree = BUILT_PRODUCTS_DIR; };
		C45E5B8A2AC5BCAE007131EC /* AppDelegate.swift */ = {isa = PBXFileReference; lastKnownFileType = sourcecode.swift; path = AppDelegate.swift; sourceTree = "<group>"; };
		C45E5B8C2AC5BCAE007131EC /* SceneDelegate.swift */ = {isa = PBXFileReference; lastKnownFileType = sourcecode.swift; path = SceneDelegate.swift; sourceTree = "<group>"; };
		C45E5B8E2AC5BCAE007131EC /* ViewController.swift */ = {isa = PBXFileReference; lastKnownFileType = sourcecode.swift; path = ViewController.swift; sourceTree = "<group>"; };
		C45E5B912AC5BCAE007131EC /* Base */ = {isa = PBXFileReference; lastKnownFileType = file.storyboard; name = Base; path = Base.lproj/Main.storyboard; sourceTree = "<group>"; };
		C45E5B932AC5BCB0007131EC /* Assets.xcassets */ = {isa = PBXFileReference; lastKnownFileType = folder.assetcatalog; path = Assets.xcassets; sourceTree = "<group>"; };
		C45E5B962AC5BCB0007131EC /* Base */ = {isa = PBXFileReference; lastKnownFileType = file.storyboard; name = Base; path = Base.lproj/LaunchScreen.storyboard; sourceTree = "<group>"; };
		C45E5B982AC5BCB0007131EC /* Info.plist */ = {isa = PBXFileReference; lastKnownFileType = text.plist.xml; path = Info.plist; sourceTree = "<group>"; };
		C45E5B9D2AC5BCB0007131EC /* Lab3-UI-TextTests.xctest */ = {isa = PBXFileReference; explicitFileType = wrapper.cfbundle; includeInIndex = 0; path = "Lab3-UI-TextTests.xctest"; sourceTree = BUILT_PRODUCTS_DIR; };
		C45E5BA12AC5BCB0007131EC /* Lab3_UI_TextTests.swift */ = {isa = PBXFileReference; lastKnownFileType = sourcecode.swift; path = Lab3_UI_TextTests.swift; sourceTree = "<group>"; };
		C45E5BA72AC5BCB0007131EC /* Lab3-UI-TextUITests.xctest */ = {isa = PBXFileReference; explicitFileType = wrapper.cfbundle; includeInIndex = 0; path = "Lab3-UI-TextUITests.xctest"; sourceTree = BUILT_PRODUCTS_DIR; };
		C45E5BAB2AC5BCB0007131EC /* Lab3_UI_TextUITests.swift */ = {isa = PBXFileReference; lastKnownFileType = sourcecode.swift; path = Lab3_UI_TextUITests.swift; sourceTree = "<group>"; };
		C45E5BAD2AC5BCB0007131EC /* Lab3_UI_TextUITestsLaunchTests.swift */ = {isa = PBXFileReference; lastKnownFileType = sourcecode.swift; path = Lab3_UI_TextUITestsLaunchTests.swift; sourceTree = "<group>"; };
/* End PBXFileReference section */

/* Begin PBXFrameworksBuildPhase section */
		C45E5B842AC5BCAE007131EC /* Frameworks */ = {
			isa = PBXFrameworksBuildPhase;
			buildActionMask = 2147483647;
			files = (
			);
			runOnlyForDeploymentPostprocessing = 0;
		};
		C45E5B9A2AC5BCB0007131EC /* Frameworks */ = {
			isa = PBXFrameworksBuildPhase;
			buildActionMask = 2147483647;
			files = (
			);
			runOnlyForDeploymentPostprocessing = 0;
		};
		C45E5BA42AC5BCB0007131EC /* Frameworks */ = {
			isa = PBXFrameworksBuildPhase;
			buildActionMask = 2147483647;
			files = (
			);
			runOnlyForDeploymentPostprocessing = 0;
		};
/* End PBXFrameworksBuildPhase section */

/* Begin PBXGroup section */
		C45E5B7E2AC5BCAE007131EC = {
			isa = PBXGroup;
			children = (
				C45E5B892AC5BCAE007131EC /* Lab3-UI-Text */,
				C45E5BA02AC5BCB0007131EC /* Lab3-UI-TextTests */,
				C45E5BAA2AC5BCB0007131EC /* Lab3-UI-TextUITests */,
				C45E5B882AC5BCAE007131EC /* Products */,
			);
			sourceTree = "<group>";
		};
		C45E5B882AC5BCAE007131EC /* Products */ = {
			isa = PBXGroup;
			children = (
				C45E5B872AC5BCAE007131EC /* Lab3-UI-Text.app */,
				C45E5B9D2AC5BCB0007131EC /* Lab3-UI-TextTests.xctest */,
				C45E5BA72AC5BCB0007131EC /* Lab3-UI-TextUITests.xctest */,
			);
			name = Products;
			sourceTree = "<group>";
		};
		C45E5B892AC5BCAE007131EC /* Lab3-UI-Text */ = {
			isa = PBXGroup;
			children = (
				C45E5B8A2AC5BCAE007131EC /* AppDelegate.swift */,
				C45E5B8C2AC5BCAE007131EC /* SceneDelegate.swift */,
				C45E5B8E2AC5BCAE007131EC /* ViewController.swift */,
				C45E5B902AC5BCAE007131EC /* Main.storyboard */,
				C45E5B932AC5BCB0007131EC /* Assets.xcassets */,
				C45E5B952AC5BCB0007131EC /* LaunchScreen.storyboard */,
				C45E5B982AC5BCB0007131EC /* Info.plist */,
			);
			path = "Lab3-UI-Text";
			sourceTree = "<group>";
		};
		C45E5BA02AC5BCB0007131EC /* Lab3-UI-TextTests */ = {
			isa = PBXGroup;
			children = (
				C45E5BA12AC5BCB0007131EC /* Lab3_UI_TextTests.swift */,
			);
			path = "Lab3-UI-TextTests";
			sourceTree = "<group>";
		};
		C45E5BAA2AC5BCB0007131EC /* Lab3-UI-TextUITests */ = {
			isa = PBXGroup;
			children = (
				C45E5BAB2AC5BCB0007131EC /* Lab3_UI_TextUITests.swift */,
				C45E5BAD2AC5BCB0007131EC /* Lab3_UI_TextUITestsLaunchTests.swift */,
			);
			path = "Lab3-UI-TextUITests";
			sourceTree = "<group>";
		};
/* End PBXGroup section */

/* Begin PBXNativeTarget section */
		C45E5B862AC5BCAE007131EC /* Lab3-UI-Text */ = {
			isa = PBXNativeTarget;
			buildConfigurationList = C45E5BB12AC5BCB0007131EC /* Build configuration list for PBXNativeTarget "Lab3-UI-Text" */;
			buildPhases = (
				C45E5B832AC5BCAE007131EC /* Sources */,
				C45E5B842AC5BCAE007131EC /* Frameworks */,
				C45E5B852AC5BCAE007131EC /* Resources */,
			);
			buildRules = (
			);
			dependencies = (
			);
			name = "Lab3-UI-Text";
			productName = "Lab3-UI-Text";
			productReference = C45E5B872AC5BCAE007131EC /* Lab3-UI-Text.app */;
			productType = "com.apple.product-type.application";
		};
		C45E5B9C2AC5BCB0007131EC /* Lab3-UI-TextTests */ = {
			isa = PBXNativeTarget;
			buildConfigurationList = C45E5BB42AC5BCB0007131EC /* Build configuration list for PBXNativeTarget "Lab3-UI-TextTests" */;
			buildPhases = (
				C45E5B992AC5BCB0007131EC /* Sources */,
				C45E5B9A2AC5BCB0007131EC /* Frameworks */,
				C45E5B9B2AC5BCB0007131EC /* Resources */,
			);
			buildRules = (
			);
			dependencies = (
				C45E5B9F2AC5BCB0007131EC /* PBXTargetDependency */,
			);
			name = "Lab3-UI-TextTests";
			productName = "Lab3-UI-TextTests";
			productReference = C45E5B9D2AC5BCB0007131EC /* Lab3-UI-TextTests.xctest */;
			productType = "com.apple.product-type.bundle.unit-test";
		};
		C45E5BA62AC5BCB0007131EC /* Lab3-UI-TextUITests */ = {
			isa = PBXNativeTarget;
			buildConfigurationList = C45E5BB72AC5BCB0007131EC /* Build configuration list for PBXNativeTarget "Lab3-UI-TextUITests" */;
			buildPhases = (
				C45E5BA32AC5BCB0007131EC /* Sources */,
				C45E5BA42AC5BCB0007131EC /* Frameworks */,
				C45E5BA52AC5BCB0007131EC /* Resources */,
			);
			buildRules = (
			);
			dependencies = (
				C45E5BA92AC5BCB0007131EC /* PBXTargetDependency */,
			);
			name = "Lab3-UI-TextUITests";
			productName = "Lab3-UI-TextUITests";
			productReference = C45E5BA72AC5BCB0007131EC /* Lab3-UI-TextUITests.xctest */;
			productType = "com.apple.product-type.bundle.ui-testing";
		};
/* End PBXNativeTarget section */

/* Begin PBXProject section */
		C45E5B7F2AC5BCAE007131EC /* Project object */ = {
			isa = PBXProject;
			attributes = {
				BuildIndependentTargetsInParallel = 1;
				LastSwiftUpdateCheck = 1420;
				LastUpgradeCheck = 1420;
				TargetAttributes = {
					C45E5B862AC5BCAE007131EC = {
						CreatedOnToolsVersion = 14.2;
					};
					C45E5B9C2AC5BCB0007131EC = {
						CreatedOnToolsVersion = 14.2;
						TestTargetID = C45E5B862AC5BCAE007131EC;
					};
					C45E5BA62AC5BCB0007131EC = {
						CreatedOnToolsVersion = 14.2;
						TestTargetID = C45E5B862AC5BCAE007131EC;
					};
				};
			};
			buildConfigurationList = C45E5B822AC5BCAE007131EC /* Build configuration list for PBXProject "Lab3-UI-Text" */;
			compatibilityVersion = "Xcode 14.0";
			developmentRegion = en;
			hasScannedForEncodings = 0;
			knownRegions = (
				en,
				Base,
			);
			mainGroup = C45E5B7E2AC5BCAE007131EC;
			productRefGroup = C45E5B882AC5BCAE007131EC /* Products */;
			projectDirPath = "";
			projectRoot = "";
			targets = (
				C45E5B862AC5BCAE007131EC /* Lab3-UI-Text */,
				C45E5B9C2AC5BCB0007131EC /* Lab3-UI-TextTests */,
				C45E5BA62AC5BCB0007131EC /* Lab3-UI-TextUITests */,
			);
		};
/* End PBXProject section */

/* Begin PBXResourcesBuildPhase section */
		C45E5B852AC5BCAE007131EC /* Resources */ = {
			isa = PBXResourcesBuildPhase;
			buildActionMask = 2147483647;
			files = (
				C45E5B972AC5BCB0007131EC /* LaunchScreen.storyboard in Resources */,
				C45E5B942AC5BCB0007131EC /* Assets.xcassets in Resources */,
				C45E5B922AC5BCAE007131EC /* Main.storyboard in Resources */,
			);
			runOnlyForDeploymentPostprocessing = 0;
		};
		C45E5B9B2AC5BCB0007131EC /* Resources */ = {
			isa = PBXResourcesBuildPhase;
			buildActionMask = 2147483647;
			files = (
			);
			runOnlyForDeploymentPostprocessing = 0;
		};
		C45E5BA52AC5BCB0007131EC /* Resources */ = {
			isa = PBXResourcesBuildPhase;
			buildActionMask = 2147483647;
			files = (
			);
			runOnlyForDeploymentPostprocessing = 0;
		};
/* End PBXResourcesBuildPhase section */

/* Begin PBXSourcesBuildPhase section */
		C45E5B832AC5BCAE007131EC /* Sources */ = {
			isa = PBXSourcesBuildPhase;
			buildActionMask = 2147483647;
			files = (
				C45E5B8F2AC5BCAE007131EC /* ViewController.swift in Sources */,
				C45E5B8B2AC5BCAE007131EC /* AppDelegate.swift in Sources */,
				C45E5B8D2AC5BCAE007131EC /* SceneDelegate.swift in Sources */,
			);
			runOnlyForDeploymentPostprocessing = 0;
		};
		C45E5B992AC5BCB0007131EC /* Sources */ = {
			isa = PBXSourcesBuildPhase;
			buildActionMask = 2147483647;
			files = (
				C45E5BA22AC5BCB0007131EC /* Lab3_UI_TextTests.swift in Sources */,
			);
			runOnlyForDeploymentPostprocessing = 0;
		};
		C45E5BA32AC5BCB0007131EC /* Sources */ = {
			isa = PBXSourcesBuildPhase;
			buildActionMask = 2147483647;
			files = (
				C45E5BAC2AC5BCB0007131EC /* Lab3_UI_TextUITests.swift in Sources */,
				C45E5BAE2AC5BCB0007131EC /* Lab3_UI_TextUITestsLaunchTests.swift in Sources */,
			);
			runOnlyForDeploymentPostprocessing = 0;
		};
/* End PBXSourcesBuildPhase section */

/* Begin PBXTargetDependency section */
		C45E5B9F2AC5BCB0007131EC /* PBXTargetDependency */ = {
			isa = PBXTargetDependency;
			target = C45E5B862AC5BCAE007131EC /* Lab3-UI-Text */;
			targetProxy = C45E5B9E2AC5BCB0007131EC /* PBXContainerItemProxy */;
		};
		C45E5BA92AC5BCB0007131EC /* PBXTargetDependency */ = {
			isa = PBXTargetDependency;
			target = C45E5B862AC5BCAE007131EC /* Lab3-UI-Text */;
			targetProxy = C45E5BA82AC5BCB0007131EC /* PBXContainerItemProxy */;
		};
/* End PBXTargetDependency section */

/* Begin PBXVariantGroup section */
		C45E5B902AC5BCAE007131EC /* Main.storyboard */ = {
			isa = PBXVariantGroup;
			children = (
				C45E5B912AC5BCAE007131EC /* Base */,
			);
			name = Main.storyboard;
			sourceTree = "<group>";
		};
		C45E5B952AC5BCB0007131EC /* LaunchScreen.storyboard */ = {
			isa = PBXVariantGroup;
			children = (
				C45E5B962AC5BCB0007131EC /* Base */,
			);
			name = LaunchScreen.storyboard;
			sourceTree = "<group>";
		};
/* End PBXVariantGroup section */

/* Begin XCBuildConfiguration section */
		C45E5BAF2AC5BCB0007131EC /* Debug */ = {
			isa = XCBuildConfiguration;
			buildSettings = {
				ALWAYS_SEARCH_USER_PATHS = NO;
				CLANG_ANALYZER_NONNULL = YES;
				CLANG_ANALYZER_NUMBER_OBJECT_CONVERSION = YES_AGGRESSIVE;
				CLANG_CXX_LANGUAGE_STANDARD = "gnu++20";
				CLANG_ENABLE_MODULES = YES;
				CLANG_ENABLE_OBJC_ARC = YES;
				CLANG_ENABLE_OBJC_WEAK = YES;
				CLANG_WARN_BLOCK_CAPTURE_AUTORELEASING = YES;
				CLANG_WARN_BOOL_CONVERSION = YES;
				CLANG_WARN_COMMA = YES;
				CLANG_WARN_CONSTANT_CONVERSION = YES;
				CLANG_WARN_DEPRECATED_OBJC_IMPLEMENTATIONS = YES;
				CLANG_WARN_DIRECT_OBJC_ISA_USAGE = YES_ERROR;
				CLANG_WARN_DOCUMENTATION_COMMENTS = YES;
				CLANG_WARN_EMPTY_BODY = YES;
				CLANG_WARN_ENUM_CONVERSION = YES;
				CLANG_WARN_INFINITE_RECURSION = YES;
				CLANG_WARN_INT_CONVERSION = YES;
				CLANG_WARN_NON_LITERAL_NULL_CONVERSION = YES;
				CLANG_WARN_OBJC_IMPLICIT_RETAIN_SELF = YES;
				CLANG_WARN_OBJC_LITERAL_CONVERSION = YES;
				CLANG_WARN_OBJC_ROOT_CLASS = YES_ERROR;
				CLANG_WARN_QUOTED_INCLUDE_IN_FRAMEWORK_HEADER = YES;
				CLANG_WARN_RANGE_LOOP_ANALYSIS = YES;
				CLANG_WARN_STRICT_PROTOTYPES = YES;
				CLANG_WARN_SUSPICIOUS_MOVE = YES;
				CLANG_WARN_UNGUARDED_AVAILABILITY = YES_AGGRESSIVE;
				CLANG_WARN_UNREACHABLE_CODE = YES;
				CLANG_WARN__DUPLICATE_METHOD_MATCH = YES;
				COPY_PHASE_STRIP = NO;
				DEBUG_INFORMATION_FORMAT = dwarf;
				ENABLE_STRICT_OBJC_MSGSEND = YES;
				ENABLE_TESTABILITY = YES;
				GCC_C_LANGUAGE_STANDARD = gnu11;
				GCC_DYNAMIC_NO_PIC = NO;
				GCC_NO_COMMON_BLOCKS = YES;
				GCC_OPTIMIZATION_LEVEL = 0;
				GCC_PREPROCESSOR_DEFINITIONS = (
					"DEBUG=1",
					"$(inherited)",
				);
				GCC_WARN_64_TO_32_BIT_CONVERSION = YES;
				GCC_WARN_ABOUT_RETURN_TYPE = YES_ERROR;
				GCC_WARN_UNDECLARED_SELECTOR = YES;
				GCC_WARN_UNINITIALIZED_AUTOS = YES_AGGRESSIVE;
				GCC_WARN_UNUSED_FUNCTION = YES;
				GCC_WARN_UNUSED_VARIABLE = YES;
				IPHONEOS_DEPLOYMENT_TARGET = 16.2;
				MTL_ENABLE_DEBUG_INFO = INCLUDE_SOURCE;
				MTL_FAST_MATH = YES;
				ONLY_ACTIVE_ARCH = YES;
				SDKROOT = iphoneos;
				SWIFT_ACTIVE_COMPILATION_CONDITIONS = DEBUG;
				SWIFT_OPTIMIZATION_LEVEL = "-Onone";
			};
			name = Debug;
		};
		C45E5BB02AC5BCB0007131EC /* Release */ = {
			isa = XCBuildConfiguration;
			buildSettings = {
				ALWAYS_SEARCH_USER_PATHS = NO;
				CLANG_ANALYZER_NONNULL = YES;
				CLANG_ANALYZER_NUMBER_OBJECT_CONVERSION = YES_AGGRESSIVE;
				CLANG_CXX_LANGUAGE_STANDARD = "gnu++20";
				CLANG_ENABLE_MODULES = YES;
				CLANG_ENABLE_OBJC_ARC = YES;
				CLANG_ENABLE_OBJC_WEAK = YES;
				CLANG_WARN_BLOCK_CAPTURE_AUTORELEASING = YES;
				CLANG_WARN_BOOL_CONVERSION = YES;
				CLANG_WARN_COMMA = YES;
				CLANG_WARN_CONSTANT_CONVERSION = YES;
				CLANG_WARN_DEPRECATED_OBJC_IMPLEMENTATIONS = YES;
				CLANG_WARN_DIRECT_OBJC_ISA_USAGE = YES_ERROR;
				CLANG_WARN_DOCUMENTATION_COMMENTS = YES;
				CLANG_WARN_EMPTY_BODY = YES;
				CLANG_WARN_ENUM_CONVERSION = YES;
				CLANG_WARN_INFINITE_RECURSION = YES;
				CLANG_WARN_INT_CONVERSION = YES;
				CLANG_WARN_NON_LITERAL_NULL_CONVERSION = YES;
				CLANG_WARN_OBJC_IMPLICIT_RETAIN_SELF = YES;
				CLANG_WARN_OBJC_LITERAL_CONVERSION = YES;
				CLANG_WARN_OBJC_ROOT_CLASS = YES_ERROR;
				CLANG_WARN_QUOTED_INCLUDE_IN_FRAMEWORK_HEADER = YES;
				CLANG_WARN_RANGE_LOOP_ANALYSIS = YES;
				CLANG_WARN_STRICT_PROTOTYPES = YES;
				CLANG_WARN_SUSPICIOUS_MOVE = YES;
				CLANG_WARN_UNGUARDED_AVAILABILITY = YES_AGGRESSIVE;
				CLANG_WARN_UNREACHABLE_CODE = YES;
				CLANG_WARN__DUPLICATE_METHOD_MATCH = YES;
				COPY_PHASE_STRIP = NO;
				DEBUG_INFORMATION_FORMAT = "dwarf-with-dsym";
				ENABLE_NS_ASSERTIONS = NO;
				ENABLE_STRICT_OBJC_MSGSEND = YES;
				GCC_C_LANGUAGE_STANDARD = gnu11;
				GCC_NO_COMMON_BLOCKS = YES;
				GCC_WARN_64_TO_32_BIT_CONVERSION = YES;
				GCC_WARN_ABOUT_RETURN_TYPE = YES_ERROR;
				GCC_WARN_UNDECLARED_SELECTOR = YES;
				GCC_WARN_UNINITIALIZED_AUTOS = YES_AGGRESSIVE;
				GCC_WARN_UNUSED_FUNCTION = YES;
				GCC_WARN_UNUSED_VARIABLE = YES;
				IPHONEOS_DEPLOYMENT_TARGET = 16.2;
				MTL_ENABLE_DEBUG_INFO = NO;
				MTL_FAST_MATH = YES;
				SDKROOT = iphoneos;
				SWIFT_COMPILATION_MODE = wholemodule;
				SWIFT_OPTIMIZATION_LEVEL = "-O";
				VALIDATE_PRODUCT = YES;
			};
			name = Release;
		};
		C45E5BB22AC5BCB0007131EC /* Debug */ = {
			isa = XCBuildConfiguration;
			buildSettings = {
				ASSETCATALOG_COMPILER_APPICON_NAME = AppIcon;
				ASSETCATALOG_COMPILER_GLOBAL_ACCENT_COLOR_NAME = AccentColor;
				CODE_SIGN_STYLE = Automatic;
				CURRENT_PROJECT_VERSION = 1;
				GENERATE_INFOPLIST_FILE = YES;
				INFOPLIST_FILE = "Lab3-UI-Text/Info.plist";
				INFOPLIST_KEY_UIApplicationSupportsIndirectInputEvents = YES;
				INFOPLIST_KEY_UILaunchStoryboardName = LaunchScreen;
				INFOPLIST_KEY_UIMainStoryboardFile = Main;
				INFOPLIST_KEY_UISupportedInterfaceOrientations_iPad = "UIInterfaceOrientationPortrait UIInterfaceOrientationPortraitUpsideDown UIInterfaceOrientationLandscapeLeft UIInterfaceOrientationLandscapeRight";
				INFOPLIST_KEY_UISupportedInterfaceOrientations_iPhone = "UIInterfaceOrientationPortrait UIInterfaceOrientationLandscapeLeft UIInterfaceOrientationLandscapeRight";
				LD_RUNPATH_SEARCH_PATHS = (
					"$(inherited)",
					"@executable_path/Frameworks",
				);
				MARKETING_VERSION = 1.0;
				PRODUCT_BUNDLE_IDENTIFIER = "com.conestoga.Lab3-UI-Text";
				PRODUCT_NAME = "$(TARGET_NAME)";
				SWIFT_EMIT_LOC_STRINGS = YES;
				SWIFT_VERSION = 5.0;
				TARGETED_DEVICE_FAMILY = "1,2";
			};
			name = Debug;
		};
		C45E5BB32AC5BCB0007131EC /* Release */ = {
			isa = XCBuildConfiguration;
			buildSettings = {
				ASSETCATALOG_COMPILER_APPICON_NAME = AppIcon;
				ASSETCATALOG_COMPILER_GLOBAL_ACCENT_COLOR_NAME = AccentColor;
				CODE_SIGN_STYLE = Automatic;
				CURRENT_PROJECT_VERSION = 1;
				GENERATE_INFOPLIST_FILE = YES;
				INFOPLIST_FILE = "Lab3-UI-Text/Info.plist";
				INFOPLIST_KEY_UIApplicationSupportsIndirectInputEvents = YES;
				INFOPLIST_KEY_UILaunchStoryboardName = LaunchScreen;
				INFOPLIST_KEY_UIMainStoryboardFile = Main;
				INFOPLIST_KEY_UISupportedInterfaceOrientations_iPad = "UIInterfaceOrientationPortrait UIInterfaceOrientationPortraitUpsideDown UIInterfaceOrientationLandscapeLeft UIInterfaceOrientationLandscapeRight";
				INFOPLIST_KEY_UISupportedInterfaceOrientations_iPhone = "UIInterfaceOrientationPortrait UIInterfaceOrientationLandscapeLeft UIInterfaceOrientationLandscapeRight";
				LD_RUNPATH_SEARCH_PATHS = (
					"$(inherited)",
					"@executable_path/Frameworks",
				);
				MARKETING_VERSION = 1.0;
				PRODUCT_BUNDLE_IDENTIFIER = "com.conestoga.Lab3-UI-Text";
				PRODUCT_NAME = "$(TARGET_NAME)";
				SWIFT_EMIT_LOC_STRINGS = YES;
				SWIFT_VERSION = 5.0;
				TARGETED_DEVICE_FAMILY = "1,2";
			};
			name = Release;
		};
		C45E5BB52AC5BCB0007131EC /* Debug */ = {
			isa = XCBuildConfiguration;
			buildSettings = {
				ALWAYS_EMBED_SWIFT_STANDARD_LIBRARIES = YES;
				BUNDLE_LOADER = "$(TEST_HOST)";
				CODE_SIGN_STYLE = Automatic;
				CURRENT_PROJECT_VERSION = 1;
				GENERATE_INFOPLIST_FILE = YES;
				IPHONEOS_DEPLOYMENT_TARGET = 16.2;
				MARKETING_VERSION = 1.0;
				PRODUCT_BUNDLE_IDENTIFIER = "com.conestoga.Lab3-UI-TextTests";
				PRODUCT_NAME = "$(TARGET_NAME)";
				SWIFT_EMIT_LOC_STRINGS = NO;
				SWIFT_VERSION = 5.0;
				TARGETED_DEVICE_FAMILY = "1,2";
				TEST_HOST = "$(BUILT_PRODUCTS_DIR)/Lab3-UI-Text.app/$(BUNDLE_EXECUTABLE_FOLDER_PATH)/Lab3-UI-Text";
			};
			name = Debug;
		};
		C45E5BB62AC5BCB0007131EC /* Release */ = {
			isa = XCBuildConfiguration;
			buildSettings = {
				ALWAYS_EMBED_SWIFT_STANDARD_LIBRARIES = YES;
				BUNDLE_LOADER = "$(TEST_HOST)";
				CODE_SIGN_STYLE = Automatic;
				CURRENT_PROJECT_VERSION = 1;
				GENERATE_INFOPLIST_FILE = YES;
				IPHONEOS_DEPLOYMENT_TARGET = 16.2;
				MARKETING_VERSION = 1.0;
				PRODUCT_BUNDLE_IDENTIFIER = "com.conestoga.Lab3-UI-TextTests";
				PRODUCT_NAME = "$(TARGET_NAME)";
				SWIFT_EMIT_LOC_STRINGS = NO;
				SWIFT_VERSION = 5.0;
				TARGETED_DEVICE_FAMILY = "1,2";
				TEST_HOST = "$(BUILT_PRODUCTS_DIR)/Lab3-UI-Text.app/$(BUNDLE_EXECUTABLE_FOLDER_PATH)/Lab3-UI-Text";
			};
			name = Release;
		};
		C45E5BB82AC5BCB0007131EC /* Debug */ = {
			isa = XCBuildConfiguration;
			buildSettings = {
				ALWAYS_EMBED_SWIFT_STANDARD_LIBRARIES = YES;
				CODE_SIGN_STYLE = Automatic;
				CURRENT_PROJECT_VERSION = 1;
				GENERATE_INFOPLIST_FILE = YES;
				MARKETING_VERSION = 1.0;
				PRODUCT_BUNDLE_IDENTIFIER = "com.conestoga.Lab3-UI-TextUITests";
				PRODUCT_NAME = "$(TARGET_NAME)";
				SWIFT_EMIT_LOC_STRINGS = NO;
				SWIFT_VERSION = 5.0;
				TARGETED_DEVICE_FAMILY = "1,2";
				TEST_TARGET_NAME = "Lab3-UI-Text";
			};
			name = Debug;
		};
		C45E5BB92AC5BCB0007131EC /* Release */ = {
			isa = XCBuildConfiguration;
			buildSettings = {
				ALWAYS_EMBED_SWIFT_STANDARD_LIBRARIES = YES;
				CODE_SIGN_STYLE = Automatic;
				CURRENT_PROJECT_VERSION = 1;
				GENERATE_INFOPLIST_FILE = YES;
				MARKETING_VERSION = 1.0;
				PRODUCT_BUNDLE_IDENTIFIER = "com.conestoga.Lab3-UI-TextUITests";
				PRODUCT_NAME = "$(TARGET_NAME)";
				SWIFT_EMIT_LOC_STRINGS = NO;
				SWIFT_VERSION = 5.0;
				TARGETED_DEVICE_FAMILY = "1,2";
				TEST_TARGET_NAME = "Lab3-UI-Text";
			};
			name = Release;
		};
/* End XCBuildConfiguration section */

/* Begin XCConfigurationList section */
		C45E5B822AC5BCAE007131EC /* Build configuration list for PBXProject "Lab3-UI-Text" */ = {
			isa = XCConfigurationList;
			buildConfigurations = (
				C45E5BAF2AC5BCB0007131EC /* Debug */,
				C45E5BB02AC5BCB0007131EC /* Release */,
			);
			defaultConfigurationIsVisible = 0;
			defaultConfigurationName = Release;
		};
		C45E5BB12AC5BCB0007131EC /* Build configuration list for PBXNativeTarget "Lab3-UI-Text" */ = {
			isa = XCConfigurationList;
			buildConfigurations = (
				C45E5BB22AC5BCB0007131EC /* Debug */,
				C45E5BB32AC5BCB0007131EC /* Release */,
			);
			defaultConfigurationIsVisible = 0;
			defaultConfigurationName = Release;
		};
		C45E5BB42AC5BCB0007131EC /* Build configuration list for PBXNativeTarget "Lab3-UI-TextTests" */ = {
			isa = XCConfigurationList;
			buildConfigurations = (
				C45E5BB52AC5BCB0007131EC /* Debug */,
				C45E5BB62AC5BCB0007131EC /* Release */,
			);
			defaultConfigurationIsVisible = 0;
			defaultConfigurationName = Release;
		};
		C45E5BB72AC5BCB0007131EC /* Build configuration list for PBXNativeTarget "Lab3-UI-TextUITests" */ = {
			isa = XCConfigurationList;
			buildConfigurations = (
				C45E5BB82AC5BCB0007131EC /* Debug */,
				C45E5BB92AC5BCB0007131EC /* Release */,
			);
			defaultConfigurationIsVisible = 0;
			defaultConfigurationName = Release;
		};
/* End XCConfigurationList section */
	};
	rootObject = C45E5B7F2AC5BCAE007131EC /* Project object */;
}
